{
  "object": {
    "pins": [
      {
        "package": "Lottie",
        "repositoryURL": "https://github.com/airbnb/lottie-ios.git",
        "state": {
          "branch": "master",
          "revision": "49669f63e5acad3ac304751a58a878b071931e61",
          "version": null
        }
      }
    ]
  },
  "version": 1
}
